
Microsoft Visual Studio Solution File, Format Version 12.00
# Visual Studio 15
VisualStudioVersion = 15.0.28307.1831
MinimumVisualStudioVersion = 10.0.40219.1
Project("{FAE04EC0-301F-11D3-BF4B-00C04F79EFBC}") = "Grafitor", "Grafitor\Grafitor.csproj", "{5D73237C-2B92-4AA6-A8A6-B7EB4E3564D6}"
EndProject
Global
	GlobalSection(SolutionConfigurationPlatforms) = preSolution
		Debug|Any CPU = Debug|Any CPU
		Release|Any CPU = Release|Any CPU
	EndGlobalSection
	GlobalSection(ProjectConfigurationPlatforms) = postSolution
		{5D73237C-2B92-4AA6-A8A6-B7EB4E3564D6}.Debug|Any CPU.ActiveCfg = Debug|Any CPU
		{5D73237C-2B92-4AA6-A8A6-B7EB4E3564D6}.Debug|Any CPU.Build.0 = Debug|Any CPU
		{5D73237C-2B92-4AA6-A8A6-B7EB4E3564D6}.Release|Any CPU.ActiveCfg = Release|Any CPU
		{5D73237C-2B92-4AA6-A8A6-B7EB4E3564D6}.Release|Any CPU.Build.0 = Release|Any CPU
	EndGlobalSection
	GlobalSection(SolutionProperties) = preSolution
		HideSolutionNode = FALSE
	EndGlobalSection
	GlobalSection(ExtensibilityGlobals) = postSolution
		SolutionGuid = {E14901E9-E142-487B-86BA-5408A64C397D}
	EndGlobalSection
EndGlobal
